
Microsoft Visual Studio Solution File, Format Version 12.00
# Visual Studio Version 17
VisualStudioVersion = 17.0.32112.339
MinimumVisualStudioVersion = 10.0.40219.1
Project("{9A19103F-16F7-4668-BE54-9A1E7A4F7556}") = "EmployeeRegister", "EmployeeRegister\EmployeeRegister.csproj", "{DA9B4181-CD1B-401F-ADA7-647DB35D1D7B}"
EndProject
Project("{9A19103F-16F7-4668-BE54-9A1E7A4F7556}") = "EmployeeRegister.BusinessLogic", "EmployeeRegister.BusinessLogic\EmployeeRegister.BusinessLogic.csproj", "{DBA9B769-3101-4DFA-8C27-80D9647DE415}"
EndProject
Project("{9A19103F-16F7-4668-BE54-9A1E7A4F7556}") = "EmployeeRegister.DAL", "EmployeeRegister.DAL\EmployeeRegister.DAL.csproj", "{7823C3EA-F842-4C24-9B47-107A0B949DED}"
EndProject
Project("{9A19103F-16F7-4668-BE54-9A1E7A4F7556}") = "EmployeeRegister.Common", "EmployeeRegister.Common\EmployeeRegister.Common.csproj", "{DDD52B7C-0B55-4240-B775-0EF80BA538F4}"
EndProject
Project("{9A19103F-16F7-4668-BE54-9A1E7A4F7556}") = "EmployeeRegister.Dependencies", "EmployeeRegister.Dependencies\EmployeeRegister.Dependencies.csproj", "{FD3514A5-3EC4-41A4-89D9-E680769FAD1F}"
EndProject
Global
	GlobalSection(SolutionConfigurationPlatforms) = preSolution
		Debug|Any CPU = Debug|Any CPU
		Release|Any CPU = Release|Any CPU
	EndGlobalSection
	GlobalSection(ProjectConfigurationPlatforms) = postSolution
		{DA9B4181-CD1B-401F-ADA7-647DB35D1D7B}.Debug|Any CPU.ActiveCfg = Debug|Any CPU
		{DA9B4181-CD1B-401F-ADA7-647DB35D1D7B}.Debug|Any CPU.Build.0 = Debug|Any CPU
		{DA9B4181-CD1B-401F-ADA7-647DB35D1D7B}.Release|Any CPU.ActiveCfg = Release|Any CPU
		{DA9B4181-CD1B-401F-ADA7-647DB35D1D7B}.Release|Any CPU.Build.0 = Release|Any CPU
		{DBA9B769-3101-4DFA-8C27-80D9647DE415}.Debug|Any CPU.ActiveCfg = Debug|Any CPU
		{DBA9B769-3101-4DFA-8C27-80D9647DE415}.Debug|Any CPU.Build.0 = Debug|Any CPU
		{DBA9B769-3101-4DFA-8C27-80D9647DE415}.Release|Any CPU.ActiveCfg = Release|Any CPU
		{DBA9B769-3101-4DFA-8C27-80D9647DE415}.Release|Any CPU.Build.0 = Release|Any CPU
		{7823C3EA-F842-4C24-9B47-107A0B949DED}.Debug|Any CPU.ActiveCfg = Debug|Any CPU
		{7823C3EA-F842-4C24-9B47-107A0B949DED}.Debug|Any CPU.Build.0 = Debug|Any CPU
		{7823C3EA-F842-4C24-9B47-107A0B949DED}.Release|Any CPU.ActiveCfg = Release|Any CPU
		{7823C3EA-F842-4C24-9B47-107A0B949DED}.Release|Any CPU.Build.0 = Release|Any CPU
		{DDD52B7C-0B55-4240-B775-0EF80BA538F4}.Debug|Any CPU.ActiveCfg = Debug|Any CPU
		{DDD52B7C-0B55-4240-B775-0EF80BA538F4}.Debug|Any CPU.Build.0 = Debug|Any CPU
		{DDD52B7C-0B55-4240-B775-0EF80BA538F4}.Release|Any CPU.ActiveCfg = Release|Any CPU
		{DDD52B7C-0B55-4240-B775-0EF80BA538F4}.Release|Any CPU.Build.0 = Release|Any CPU
		{FD3514A5-3EC4-41A4-89D9-E680769FAD1F}.Debug|Any CPU.ActiveCfg = Debug|Any CPU
		{FD3514A5-3EC4-41A4-89D9-E680769FAD1F}.Debug|Any CPU.Build.0 = Debug|Any CPU
		{FD3514A5-3EC4-41A4-89D9-E680769FAD1F}.Release|Any CPU.ActiveCfg = Release|Any CPU
		{FD3514A5-3EC4-41A4-89D9-E680769FAD1F}.Release|Any CPU.Build.0 = Release|Any CPU
	EndGlobalSection
	GlobalSection(SolutionProperties) = preSolution
		HideSolutionNode = FALSE
	EndGlobalSection
	GlobalSection(ExtensibilityGlobals) = postSolution
		SolutionGuid = {BCCE738A-9687-4B5B-AB25-808BB035DE33}
	EndGlobalSection
EndGlobal
